# This file was autogenerated by Stack.
# You should not edit this file by hand.
# For more information, please see the documentation at:
#   https://docs.haskellstack.org/en/stable/lock_files

packages:
- completed:
    commit: 568863912fb0c41da8fc0cc221d8b2ea1570a162
    git: https://github.com/fintech-development/haskell-client-generated.git
    name: haskell-client-generated
    pantry-tree:
      sha256: 6e15d217fe02d36089c65a7fd0eb44c4766eb395caf77606260decc7737e162a
      size: 1022
    version: 0.1.0.0
  original:
    commit: 568863912fb0c41da8fc0cc221d8b2ea1570a162
    git: https://github.com/fintech-development/haskell-client-generated.git
- completed:
    commit: 373404389b13bac51550e0bdbbd5e15c662f8f66
    git: https://github.com/f-omega/aeson-deriving
    name: aeson-deriving
    pantry-tree:
      sha256: 72e4be79dcccc73b3eb0629e9debec538be78d9cd6d6e07c90c1a887e1622af9
      size: 1506
    version: 0.2.0.0
  original:
    commit: 373404389b13bac51550e0bdbbd5e15c662f8f66
    git: https://github.com/f-omega/aeson-deriving
snapshots:
- completed:
    sha256: b73b2b116143aea728c70e65c3239188998bac5bc3be56465813dacd74215dc5
    size: 648424
    url: https://raw.githubusercontent.com/commercialhaskell/stackage-snapshots/master/lts/20/1.yaml
  original: lts-20.1
